
Microsoft Visual Studio Solution File, Format Version 12.00
# Visual Studio Version 16
VisualStudioVersion = 16.0.30413.136
MinimumVisualStudioVersion = 10.0.40219.1
Project("{9A19103F-16F7-4668-BE54-9A1E7A4F7556}") = "Webgentle.Bookstore", "Webgentle.Bookstore\Webgentle.Bookstore.csproj", "{BB6B1C21-6808-4B07-9843-87A52EEF327B}"
EndProject
Global
	GlobalSection(SolutionConfigurationPlatforms) = preSolution
		Debug|Any CPU = Debug|Any CPU
		Release|Any CPU = Release|Any CPU
	EndGlobalSection
	GlobalSection(ProjectConfigurationPlatforms) = postSolution
		{BB6B1C21-6808-4B07-9843-87A52EEF327B}.Debug|Any CPU.ActiveCfg = Debug|Any CPU
		{BB6B1C21-6808-4B07-9843-87A52EEF327B}.Debug|Any CPU.Build.0 = Debug|Any CPU
		{BB6B1C21-6808-4B07-9843-87A52EEF327B}.Release|Any CPU.ActiveCfg = Release|Any CPU
		{BB6B1C21-6808-4B07-9843-87A52EEF327B}.Release|Any CPU.Build.0 = Release|Any CPU
	EndGlobalSection
	GlobalSection(SolutionProperties) = preSolution
		HideSolutionNode = FALSE
	EndGlobalSection
	GlobalSection(ExtensibilityGlobals) = postSolution
		SolutionGuid = {6DF822EC-DA5F-4177-97C4-BE3E28BDD3A9}
	EndGlobalSection
EndGlobal
